
Microsoft Visual Studio Solution File, Format Version 12.00
# Visual Studio Version 17
VisualStudioVersion = 17.8.34511.84
MinimumVisualStudioVersion = 10.0.40219.1
Project("{FAE04EC0-301F-11D3-BF4B-00C04F79EFBC}") = "OOP-Class", "OOP-Class\OOP-Class.csproj", "{05BD5506-C668-4088-B749-F195A513E2BE}"
EndProject
Global
	GlobalSection(SolutionConfigurationPlatforms) = preSolution
		Debug|Any CPU = Debug|Any CPU
		Release|Any CPU = Release|Any CPU
	EndGlobalSection
	GlobalSection(ProjectConfigurationPlatforms) = postSolution
		{05BD5506-C668-4088-B749-F195A513E2BE}.Debug|Any CPU.ActiveCfg = Debug|Any CPU
		{05BD5506-C668-4088-B749-F195A513E2BE}.Debug|Any CPU.Build.0 = Debug|Any CPU
		{05BD5506-C668-4088-B749-F195A513E2BE}.Release|Any CPU.ActiveCfg = Release|Any CPU
		{05BD5506-C668-4088-B749-F195A513E2BE}.Release|Any CPU.Build.0 = Release|Any CPU
	EndGlobalSection
	GlobalSection(SolutionProperties) = preSolution
		HideSolutionNode = FALSE
	EndGlobalSection
	GlobalSection(ExtensibilityGlobals) = postSolution
		SolutionGuid = {398900D3-CAD8-4D97-91B4-F6B620CBEDEF}
	EndGlobalSection
EndGlobal
